// !$*UTF8*$!
{
	archiveVersion = 1;
	classes = {
	};
	objectVersion = 56;
	objects = {

/* Begin PBXBuildFile section */
		B347FEB02BC6EFF600CCDF3A /* AppDelegate.swift in Sources */ = {isa = PBXBuildFile; fileRef = B347FEAF2BC6EFF600CCDF3A /* AppDelegate.swift */; };
		B347FEB22BC6EFF600CCDF3A /* SceneDelegate.swift in Sources */ = {isa = PBXBuildFile; fileRef = B347FEB12BC6EFF600CCDF3A /* SceneDelegate.swift */; };
		B347FEB42BC6EFF600CCDF3A /* ProductsListingViewController.swift in Sources */ = {isa = PBXBuildFile; fileRef = B347FEB32BC6EFF600CCDF3A /* ProductsListingViewController.swift */; };
		B347FEB92BC6EFF700CCDF3A /* Assets.xcassets in Resources */ = {isa = PBXBuildFile; fileRef = B347FEB82BC6EFF700CCDF3A /* Assets.xcassets */; };
		B347FEBC2BC6EFF700CCDF3A /* Base in Resources */ = {isa = PBXBuildFile; fileRef = B347FEBB2BC6EFF700CCDF3A /* Base */; };
		B347FEC72BC6EFF700CCDF3A /* GetirBootcampFinalProjectTests.swift in Sources */ = {isa = PBXBuildFile; fileRef = B347FEC62BC6EFF700CCDF3A /* GetirBootcampFinalProjectTests.swift */; };
		B347FED12BC6EFF700CCDF3A /* GetirBootcampFinalProjectUITests.swift in Sources */ = {isa = PBXBuildFile; fileRef = B347FED02BC6EFF700CCDF3A /* GetirBootcampFinalProjectUITests.swift */; };
		B347FED32BC6EFF700CCDF3A /* GetirBootcampFinalProjectUITestsLaunchTests.swift in Sources */ = {isa = PBXBuildFile; fileRef = B347FED22BC6EFF700CCDF3A /* GetirBootcampFinalProjectUITestsLaunchTests.swift */; };
		B35BAE642BCAE268001713A0 /* ProductListCollectionViewCell.swift in Sources */ = {isa = PBXBuildFile; fileRef = B35BAE632BCAE268001713A0 /* ProductListCollectionViewCell.swift */; };
		B35F76E62BCC5B7B009052A2 /* LayoutManger.swift in Sources */ = {isa = PBXBuildFile; fileRef = B35F76E52BCC5B7B009052A2 /* LayoutManger.swift */; };
		B36079642BD0F6A100267F51 /* BasketAmountView.swift in Sources */ = {isa = PBXBuildFile; fileRef = B36079632BD0F6A100267F51 /* BasketAmountView.swift */; };
		B36079662BD0FF5C00267F51 /* AppText.swift in Sources */ = {isa = PBXBuildFile; fileRef = B36079652BD0FF5C00267F51 /* AppText.swift */; };
		B3B084722BCF94D2000AD508 /* AppIcon.swift in Sources */ = {isa = PBXBuildFile; fileRef = B3B084712BCF94D2000AD508 /* AppIcon.swift */; };
		B3B084742BCFD407000AD508 /* StepperView.swift in Sources */ = {isa = PBXBuildFile; fileRef = B3B084732BCFD407000AD508 /* StepperView.swift */; };
		B3B48CF52BC7BDBE00A555A4 /* AppColor.swift in Sources */ = {isa = PBXBuildFile; fileRef = B3B48CF42BC7BDBE00A555A4 /* AppColor.swift */; };
		B3B48CFC2BC7D16100A555A4 /* AppSize.swift in Sources */ = {isa = PBXBuildFile; fileRef = B3B48CFB2BC7D16100A555A4 /* AppSize.swift */; };
		B3B48CFF2BC7E1B400A555A4 /* NetworkManager.swift in Sources */ = {isa = PBXBuildFile; fileRef = B3B48CFE2BC7E1B400A555A4 /* NetworkManager.swift */; };
		B3B48D012BC7E1C600A555A4 /* NetworkHelper.swift in Sources */ = {isa = PBXBuildFile; fileRef = B3B48D002BC7E1C600A555A4 /* NetworkHelper.swift */; };
		B3B48D032BC815F100A555A4 /* ProductsEntity.swift in Sources */ = {isa = PBXBuildFile; fileRef = B3B48D022BC815F100A555A4 /* ProductsEntity.swift */; };
		B3B48D052BC816F400A555A4 /* ProductsRouter.swift in Sources */ = {isa = PBXBuildFile; fileRef = B3B48D042BC816F400A555A4 /* ProductsRouter.swift */; };
		B3B48D072BC818BF00A555A4 /* ProductsListingInteractor.swift in Sources */ = {isa = PBXBuildFile; fileRef = B3B48D062BC818BF00A555A4 /* ProductsListingInteractor.swift */; };
		B3B48D092BC820D800A555A4 /* ProductsListingPresenter.swift in Sources */ = {isa = PBXBuildFile; fileRef = B3B48D082BC820D800A555A4 /* ProductsListingPresenter.swift */; };
		B3B48D0E2BC82BCF00A555A4 /* SnapKit in Frameworks */ = {isa = PBXBuildFile; productRef = B3B48D0D2BC82BCF00A555A4 /* SnapKit */; };
		B3B48D102BC82BD300A555A4 /* Kingfisher in Frameworks */ = {isa = PBXBuildFile; productRef = B3B48D0F2BC82BD300A555A4 /* Kingfisher */; };
		B3C484CA2BCD7898001B4AD5 /* BasketDirectionEnum.swift in Sources */ = {isa = PBXBuildFile; fileRef = B3C484C92BCD7898001B4AD5 /* BasketDirectionEnum.swift */; };
		B3F8E5D82BC9791800EFB96B /* BasketView.swift in Sources */ = {isa = PBXBuildFile; fileRef = B3F8E5D72BC9791800EFB96B /* BasketView.swift */; };
		B3F8E5DD2BC9C4B000EFB96B /* SkeletonView in Frameworks */ = {isa = PBXBuildFile; productRef = B3F8E5DC2BC9C4B000EFB96B /* SkeletonView */; };
		B3F8E5E02BC9C98700EFB96B /* Font+Extension.swift in Sources */ = {isa = PBXBuildFile; fileRef = B3F8E5DF2BC9C98700EFB96B /* Font+Extension.swift */; };
		B3F8E6702BCA914E00EFB96B /* OpenSans-Medium.ttf in Resources */ = {isa = PBXBuildFile; fileRef = B3F8E6642BCA914E00EFB96B /* OpenSans-Medium.ttf */; };
		B3F8E6712BCA914E00EFB96B /* OpenSans-SemiBold.ttf in Resources */ = {isa = PBXBuildFile; fileRef = B3F8E6652BCA914E00EFB96B /* OpenSans-SemiBold.ttf */; };
		B3F8E6722BCA914E00EFB96B /* OpenSans-Light.ttf in Resources */ = {isa = PBXBuildFile; fileRef = B3F8E6662BCA914E00EFB96B /* OpenSans-Light.ttf */; };
		B3F8E6732BCA914E00EFB96B /* OpenSans-ExtraBoldItalic.ttf in Resources */ = {isa = PBXBuildFile; fileRef = B3F8E6672BCA914E00EFB96B /* OpenSans-ExtraBoldItalic.ttf */; };
		B3F8E6742BCA914E00EFB96B /* OpenSans-Italic.ttf in Resources */ = {isa = PBXBuildFile; fileRef = B3F8E6682BCA914E00EFB96B /* OpenSans-Italic.ttf */; };
		B3F8E6752BCA914E00EFB96B /* OpenSans-ExtraBold.ttf in Resources */ = {isa = PBXBuildFile; fileRef = B3F8E6692BCA914E00EFB96B /* OpenSans-ExtraBold.ttf */; };
		B3F8E6762BCA914E00EFB96B /* OpenSans-LightItalic.ttf in Resources */ = {isa = PBXBuildFile; fileRef = B3F8E66A2BCA914E00EFB96B /* OpenSans-LightItalic.ttf */; };
		B3F8E6772BCA914E00EFB96B /* OpenSans-Bold.ttf in Resources */ = {isa = PBXBuildFile; fileRef = B3F8E66B2BCA914E00EFB96B /* OpenSans-Bold.ttf */; };
		B3F8E6782BCA914E00EFB96B /* OpenSans-BoldItalic.ttf in Resources */ = {isa = PBXBuildFile; fileRef = B3F8E66C2BCA914E00EFB96B /* OpenSans-BoldItalic.ttf */; };
		B3F8E6792BCA914E00EFB96B /* OpenSans-SemiBoldItalic.ttf in Resources */ = {isa = PBXBuildFile; fileRef = B3F8E66D2BCA914E00EFB96B /* OpenSans-SemiBoldItalic.ttf */; };
		B3F8E67A2BCA914E00EFB96B /* OpenSans-MediumItalic.ttf in Resources */ = {isa = PBXBuildFile; fileRef = B3F8E66E2BCA914E00EFB96B /* OpenSans-MediumItalic.ttf */; };
		B3F8E67B2BCA914E00EFB96B /* OpenSans-Regular.ttf in Resources */ = {isa = PBXBuildFile; fileRef = B3F8E66F2BCA914E00EFB96B /* OpenSans-Regular.ttf */; };
/* End PBXBuildFile section */

/* Begin PBXContainerItemProxy section */
		B347FEC32BC6EFF700CCDF3A /* PBXContainerItemProxy */ = {
			isa = PBXContainerItemProxy;
			containerPortal = B347FEA42BC6EFF600CCDF3A /* Project object */;
			proxyType = 1;
			remoteGlobalIDString = B347FEAB2BC6EFF600CCDF3A;
			remoteInfo = GetirBootcampFinalProject;
		};
		B347FECD2BC6EFF700CCDF3A /* PBXContainerItemProxy */ = {
			isa = PBXContainerItemProxy;
			containerPortal = B347FEA42BC6EFF600CCDF3A /* Project object */;
			proxyType = 1;
			remoteGlobalIDString = B347FEAB2BC6EFF600CCDF3A;
			remoteInfo = GetirBootcampFinalProject;
		};
/* End PBXContainerItemProxy section */

/* Begin PBXFileReference section */
		B347FEAC2BC6EFF600CCDF3A /* GetirBootcampFinalProject.app */ = {isa = PBXFileReference; explicitFileType = wrapper.application; includeInIndex = 0; path = GetirBootcampFinalProject.app; sourceTree = BUILT_PRODUCTS_DIR; };
		B347FEAF2BC6EFF600CCDF3A /* AppDelegate.swift */ = {isa = PBXFileReference; lastKnownFileType = sourcecode.swift; path = AppDelegate.swift; sourceTree = "<group>"; };
		B347FEB12BC6EFF600CCDF3A /* SceneDelegate.swift */ = {isa = PBXFileReference; lastKnownFileType = sourcecode.swift; path = SceneDelegate.swift; sourceTree = "<group>"; };
		B347FEB32BC6EFF600CCDF3A /* ProductsListingViewController.swift */ = {isa = PBXFileReference; lastKnownFileType = sourcecode.swift; path = ProductsListingViewController.swift; sourceTree = "<group>"; };
		B347FEB82BC6EFF700CCDF3A /* Assets.xcassets */ = {isa = PBXFileReference; lastKnownFileType = folder.assetcatalog; path = Assets.xcassets; sourceTree = "<group>"; };
		B347FEBB2BC6EFF700CCDF3A /* Base */ = {isa = PBXFileReference; lastKnownFileType = file.storyboard; name = Base; path = Base.lproj/LaunchScreen.storyboard; sourceTree = "<group>"; };
		B347FEBD2BC6EFF700CCDF3A /* Info.plist */ = {isa = PBXFileReference; lastKnownFileType = text.plist.xml; path = Info.plist; sourceTree = "<group>"; };
		B347FEC22BC6EFF700CCDF3A /* GetirBootcampFinalProjectTests.xctest */ = {isa = PBXFileReference; explicitFileType = wrapper.cfbundle; includeInIndex = 0; path = GetirBootcampFinalProjectTests.xctest; sourceTree = BUILT_PRODUCTS_DIR; };
		B347FEC62BC6EFF700CCDF3A /* GetirBootcampFinalProjectTests.swift */ = {isa = PBXFileReference; lastKnownFileType = sourcecode.swift; path = GetirBootcampFinalProjectTests.swift; sourceTree = "<group>"; };
		B347FECC2BC6EFF700CCDF3A /* GetirBootcampFinalProjectUITests.xctest */ = {isa = PBXFileReference; explicitFileType = wrapper.cfbundle; includeInIndex = 0; path = GetirBootcampFinalProjectUITests.xctest; sourceTree = BUILT_PRODUCTS_DIR; };
		B347FED02BC6EFF700CCDF3A /* GetirBootcampFinalProjectUITests.swift */ = {isa = PBXFileReference; lastKnownFileType = sourcecode.swift; path = GetirBootcampFinalProjectUITests.swift; sourceTree = "<group>"; };
		B347FED22BC6EFF700CCDF3A /* GetirBootcampFinalProjectUITestsLaunchTests.swift */ = {isa = PBXFileReference; lastKnownFileType = sourcecode.swift; path = GetirBootcampFinalProjectUITestsLaunchTests.swift; sourceTree = "<group>"; };
		B35BAE632BCAE268001713A0 /* ProductListCollectionViewCell.swift */ = {isa = PBXFileReference; lastKnownFileType = sourcecode.swift; path = ProductListCollectionViewCell.swift; sourceTree = "<group>"; };
		B35F76E52BCC5B7B009052A2 /* LayoutManger.swift */ = {isa = PBXFileReference; lastKnownFileType = sourcecode.swift; path = LayoutManger.swift; sourceTree = "<group>"; };
		B36079632BD0F6A100267F51 /* BasketAmountView.swift */ = {isa = PBXFileReference; lastKnownFileType = sourcecode.swift; path = BasketAmountView.swift; sourceTree = "<group>"; };
		B36079652BD0FF5C00267F51 /* AppText.swift */ = {isa = PBXFileReference; lastKnownFileType = sourcecode.swift; path = AppText.swift; sourceTree = "<group>"; };
		B3B084712BCF94D2000AD508 /* AppIcon.swift */ = {isa = PBXFileReference; lastKnownFileType = sourcecode.swift; path = AppIcon.swift; sourceTree = "<group>"; };
		B3B084732BCFD407000AD508 /* StepperView.swift */ = {isa = PBXFileReference; lastKnownFileType = sourcecode.swift; path = StepperView.swift; sourceTree = "<group>"; };
		B3B48CF42BC7BDBE00A555A4 /* AppColor.swift */ = {isa = PBXFileReference; lastKnownFileType = sourcecode.swift; path = AppColor.swift; sourceTree = "<group>"; };
		B3B48CFB2BC7D16100A555A4 /* AppSize.swift */ = {isa = PBXFileReference; lastKnownFileType = sourcecode.swift; path = AppSize.swift; sourceTree = "<group>"; };
		B3B48CFE2BC7E1B400A555A4 /* NetworkManager.swift */ = {isa = PBXFileReference; fileEncoding = 4; lastKnownFileType = sourcecode.swift; path = NetworkManager.swift; sourceTree = "<group>"; };
		B3B48D002BC7E1C600A555A4 /* NetworkHelper.swift */ = {isa = PBXFileReference; lastKnownFileType = sourcecode.swift; path = NetworkHelper.swift; sourceTree = "<group>"; };
		B3B48D022BC815F100A555A4 /* ProductsEntity.swift */ = {isa = PBXFileReference; lastKnownFileType = sourcecode.swift; path = ProductsEntity.swift; sourceTree = "<group>"; };
		B3B48D042BC816F400A555A4 /* ProductsRouter.swift */ = {isa = PBXFileReference; lastKnownFileType = sourcecode.swift; path = ProductsRouter.swift; sourceTree = "<group>"; };
		B3B48D062BC818BF00A555A4 /* ProductsListingInteractor.swift */ = {isa = PBXFileReference; lastKnownFileType = sourcecode.swift; path = ProductsListingInteractor.swift; sourceTree = "<group>"; };
		B3B48D082BC820D800A555A4 /* ProductsListingPresenter.swift */ = {isa = PBXFileReference; lastKnownFileType = sourcecode.swift; path = ProductsListingPresenter.swift; sourceTree = "<group>"; };
		B3C484C92BCD7898001B4AD5 /* BasketDirectionEnum.swift */ = {isa = PBXFileReference; lastKnownFileType = sourcecode.swift; path = BasketDirectionEnum.swift; sourceTree = "<group>"; };
		B3F8E5D72BC9791800EFB96B /* BasketView.swift */ = {isa = PBXFileReference; lastKnownFileType = sourcecode.swift; path = BasketView.swift; sourceTree = "<group>"; };
		B3F8E5DF2BC9C98700EFB96B /* Font+Extension.swift */ = {isa = PBXFileReference; lastKnownFileType = sourcecode.swift; path = "Font+Extension.swift"; sourceTree = "<group>"; };
		B3F8E6642BCA914E00EFB96B /* OpenSans-Medium.ttf */ = {isa = PBXFileReference; lastKnownFileType = file; path = "OpenSans-Medium.ttf"; sourceTree = "<group>"; };
		B3F8E6652BCA914E00EFB96B /* OpenSans-SemiBold.ttf */ = {isa = PBXFileReference; lastKnownFileType = file; path = "OpenSans-SemiBold.ttf"; sourceTree = "<group>"; };
		B3F8E6662BCA914E00EFB96B /* OpenSans-Light.ttf */ = {isa = PBXFileReference; lastKnownFileType = file; path = "OpenSans-Light.ttf"; sourceTree = "<group>"; };
		B3F8E6672BCA914E00EFB96B /* OpenSans-ExtraBoldItalic.ttf */ = {isa = PBXFileReference; lastKnownFileType = file; path = "OpenSans-ExtraBoldItalic.ttf"; sourceTree = "<group>"; };
		B3F8E6682BCA914E00EFB96B /* OpenSans-Italic.ttf */ = {isa = PBXFileReference; lastKnownFileType = file; path = "OpenSans-Italic.ttf"; sourceTree = "<group>"; };
		B3F8E6692BCA914E00EFB96B /* OpenSans-ExtraBold.ttf */ = {isa = PBXFileReference; lastKnownFileType = file; path = "OpenSans-ExtraBold.ttf"; sourceTree = "<group>"; };
		B3F8E66A2BCA914E00EFB96B /* OpenSans-LightItalic.ttf */ = {isa = PBXFileReference; lastKnownFileType = file; path = "OpenSans-LightItalic.ttf"; sourceTree = "<group>"; };
		B3F8E66B2BCA914E00EFB96B /* OpenSans-Bold.ttf */ = {isa = PBXFileReference; lastKnownFileType = file; path = "OpenSans-Bold.ttf"; sourceTree = "<group>"; };
		B3F8E66C2BCA914E00EFB96B /* OpenSans-BoldItalic.ttf */ = {isa = PBXFileReference; lastKnownFileType = file; path = "OpenSans-BoldItalic.ttf"; sourceTree = "<group>"; };
		B3F8E66D2BCA914E00EFB96B /* OpenSans-SemiBoldItalic.ttf */ = {isa = PBXFileReference; lastKnownFileType = file; path = "OpenSans-SemiBoldItalic.ttf"; sourceTree = "<group>"; };
		B3F8E66E2BCA914E00EFB96B /* OpenSans-MediumItalic.ttf */ = {isa = PBXFileReference; lastKnownFileType = file; path = "OpenSans-MediumItalic.ttf"; sourceTree = "<group>"; };
		B3F8E66F2BCA914E00EFB96B /* OpenSans-Regular.ttf */ = {isa = PBXFileReference; lastKnownFileType = file; path = "OpenSans-Regular.ttf"; sourceTree = "<group>"; };
/* End PBXFileReference section */

/* Begin PBXFrameworksBuildPhase section */
		B347FEA92BC6EFF600CCDF3A /* Frameworks */ = {
			isa = PBXFrameworksBuildPhase;
			buildActionMask = 2147483647;
			files = (
				B3B48D102BC82BD300A555A4 /* Kingfisher in Frameworks */,
				B3F8E5DD2BC9C4B000EFB96B /* SkeletonView in Frameworks */,
				B3B48D0E2BC82BCF00A555A4 /* SnapKit in Frameworks */,
			);
			runOnlyForDeploymentPostprocessing = 0;
		};
		B347FEBF2BC6EFF700CCDF3A /* Frameworks */ = {
			isa = PBXFrameworksBuildPhase;
			buildActionMask = 2147483647;
			files = (
			);
			runOnlyForDeploymentPostprocessing = 0;
		};
		B347FEC92BC6EFF700CCDF3A /* Frameworks */ = {
			isa = PBXFrameworksBuildPhase;
			buildActionMask = 2147483647;
			files = (
			);
			runOnlyForDeploymentPostprocessing = 0;
		};
/* End PBXFrameworksBuildPhase section */

/* Begin PBXGroup section */
		B347FEA32BC6EFF600CCDF3A = {
			isa = PBXGroup;
			children = (
				B347FEAE2BC6EFF600CCDF3A /* GetirBootcampFinalProject */,
				B347FEC52BC6EFF700CCDF3A /* GetirBootcampFinalProjectTests */,
				B347FECF2BC6EFF700CCDF3A /* GetirBootcampFinalProjectUITests */,
				B347FEAD2BC6EFF600CCDF3A /* Products */,
				B3B48D0C2BC82BCF00A555A4 /* Frameworks */,
			);
			sourceTree = "<group>";
		};
		B347FEAD2BC6EFF600CCDF3A /* Products */ = {
			isa = PBXGroup;
			children = (
				B347FEAC2BC6EFF600CCDF3A /* GetirBootcampFinalProject.app */,
				B347FEC22BC6EFF700CCDF3A /* GetirBootcampFinalProjectTests.xctest */,
				B347FECC2BC6EFF700CCDF3A /* GetirBootcampFinalProjectUITests.xctest */,
			);
			name = Products;
			sourceTree = "<group>";
		};
		B347FEAE2BC6EFF600CCDF3A /* GetirBootcampFinalProject */ = {
			isa = PBXGroup;
			children = (
				B3B48CED2BC7AA2400A555A4 /* App */,
				B3F8E6632BCA90E500EFB96B /* Fonts */,
				B3F8E5DE2BC9C95800EFB96B /* Extensions */,
				B3B48CFD2BC7E18900A555A4 /* Network */,
				B3B48CF22BC7BBD700A555A4 /* Common */,
				B3C484C72BCD7870001B4AD5 /* Utilities */,
				B3F8E5D52BC9789600EFB96B /* CustomView */,
				B3B48CEE2BC7AA5A00A555A4 /* Module */,
				B347FEBA2BC6EFF700CCDF3A /* LaunchScreen.storyboard */,
				B347FEBD2BC6EFF700CCDF3A /* Info.plist */,
			);
			path = GetirBootcampFinalProject;
			sourceTree = "<group>";
		};
		B347FEC52BC6EFF700CCDF3A /* GetirBootcampFinalProjectTests */ = {
			isa = PBXGroup;
			children = (
				B347FEC62BC6EFF700CCDF3A /* GetirBootcampFinalProjectTests.swift */,
			);
			path = GetirBootcampFinalProjectTests;
			sourceTree = "<group>";
		};
		B347FECF2BC6EFF700CCDF3A /* GetirBootcampFinalProjectUITests */ = {
			isa = PBXGroup;
			children = (
				B347FED02BC6EFF700CCDF3A /* GetirBootcampFinalProjectUITests.swift */,
				B347FED22BC6EFF700CCDF3A /* GetirBootcampFinalProjectUITestsLaunchTests.swift */,
			);
			path = GetirBootcampFinalProjectUITests;
			sourceTree = "<group>";
		};
		B35F76E42BCC5B3D009052A2 /* CompositionalLayout */ = {
			isa = PBXGroup;
			children = (
				B35F76E52BCC5B7B009052A2 /* LayoutManger.swift */,
			);
			path = CompositionalLayout;
			sourceTree = "<group>";
		};
		B36079672BD0FF6100267F51 /* AppText */ = {
			isa = PBXGroup;
			children = (
				B36079652BD0FF5C00267F51 /* AppText.swift */,
			);
			path = AppText;
			sourceTree = "<group>";
		};
		B3B084702BCF94C6000AD508 /* AppIcon */ = {
			isa = PBXGroup;
			children = (
				B3B084712BCF94D2000AD508 /* AppIcon.swift */,
			);
			path = AppIcon;
			sourceTree = "<group>";
		};
		B3B48CED2BC7AA2400A555A4 /* App */ = {
			isa = PBXGroup;
			children = (
				B347FEAF2BC6EFF600CCDF3A /* AppDelegate.swift */,
				B347FEB12BC6EFF600CCDF3A /* SceneDelegate.swift */,
				B347FEB82BC6EFF700CCDF3A /* Assets.xcassets */,
			);
			path = App;
			sourceTree = "<group>";
		};
		B3B48CEE2BC7AA5A00A555A4 /* Module */ = {
			isa = PBXGroup;
			children = (
				B3B48CEF2BC7AA6100A555A4 /* ProductListingScreen */,
			);
			path = Module;
			sourceTree = "<group>";
		};
		B3B48CEF2BC7AA6100A555A4 /* ProductListingScreen */ = {
			isa = PBXGroup;
			children = (
				B347FEB32BC6EFF600CCDF3A /* ProductsListingViewController.swift */,
				B3B48D082BC820D800A555A4 /* ProductsListingPresenter.swift */,
				B3B48D062BC818BF00A555A4 /* ProductsListingInteractor.swift */,
				B3B48D042BC816F400A555A4 /* ProductsRouter.swift */,
				B3B48D022BC815F100A555A4 /* ProductsEntity.swift */,
				B3C484CB2BCD7953001B4AD5 /* Cell */,
			);
			path = ProductListingScreen;
			sourceTree = "<group>";
		};
		B3B48CF22BC7BBD700A555A4 /* Common */ = {
			isa = PBXGroup;
			children = (
				B36079672BD0FF6100267F51 /* AppText */,
				B3B084702BCF94C6000AD508 /* AppIcon */,
				B3B48CF32BC7BBE000A555A4 /* AppColor */,
				B3B48CFA2BC7D15300A555A4 /* AppSize */,
			);
			path = Common;
			sourceTree = "<group>";
		};
		B3B48CF32BC7BBE000A555A4 /* AppColor */ = {
			isa = PBXGroup;
			children = (
				B3B48CF42BC7BDBE00A555A4 /* AppColor.swift */,
			);
			path = AppColor;
			sourceTree = "<group>";
		};
		B3B48CFA2BC7D15300A555A4 /* AppSize */ = {
			isa = PBXGroup;
			children = (
				B3B48CFB2BC7D16100A555A4 /* AppSize.swift */,
			);
			path = AppSize;
			sourceTree = "<group>";
		};
		B3B48CFD2BC7E18900A555A4 /* Network */ = {
			isa = PBXGroup;
			children = (
				B3B48CFE2BC7E1B400A555A4 /* NetworkManager.swift */,
				B3B48D002BC7E1C600A555A4 /* NetworkHelper.swift */,
			);
			path = Network;
			sourceTree = "<group>";
		};
		B3B48D0C2BC82BCF00A555A4 /* Frameworks */ = {
			isa = PBXGroup;
			children = (
			);
			name = Frameworks;
			sourceTree = "<group>";
		};
		B3C484C72BCD7870001B4AD5 /* Utilities */ = {
			isa = PBXGroup;
			children = (
				B3C484C82BCD788C001B4AD5 /* Enum */,
				B35F76E42BCC5B3D009052A2 /* CompositionalLayout */,
			);
			path = Utilities;
			sourceTree = "<group>";
		};
		B3C484C82BCD788C001B4AD5 /* Enum */ = {
			isa = PBXGroup;
			children = (
				B3C484C92BCD7898001B4AD5 /* BasketDirectionEnum.swift */,
			);
			path = Enum;
			sourceTree = "<group>";
		};
		B3C484CB2BCD7953001B4AD5 /* Cell */ = {
			isa = PBXGroup;
			children = (
				B35BAE632BCAE268001713A0 /* ProductListCollectionViewCell.swift */,
			);
			path = Cell;
			sourceTree = "<group>";
		};
		B3F8E5D52BC9789600EFB96B /* CustomView */ = {
			isa = PBXGroup;
			children = (
				B3F8E5D72BC9791800EFB96B /* BasketView.swift */,
				B3B084732BCFD407000AD508 /* StepperView.swift */,
				B36079632BD0F6A100267F51 /* BasketAmountView.swift */,
			);
			path = CustomView;
			sourceTree = "<group>";
		};
		B3F8E5DE2BC9C95800EFB96B /* Extensions */ = {
			isa = PBXGroup;
			children = (
				B3F8E5DF2BC9C98700EFB96B /* Font+Extension.swift */,
			);
			path = Extensions;
			sourceTree = "<group>";
		};
		B3F8E6632BCA90E500EFB96B /* Fonts */ = {
			isa = PBXGroup;
			children = (
				B3F8E66B2BCA914E00EFB96B /* OpenSans-Bold.ttf */,
				B3F8E66C2BCA914E00EFB96B /* OpenSans-BoldItalic.ttf */,
				B3F8E6692BCA914E00EFB96B /* OpenSans-ExtraBold.ttf */,
				B3F8E6672BCA914E00EFB96B /* OpenSans-ExtraBoldItalic.ttf */,
				B3F8E6682BCA914E00EFB96B /* OpenSans-Italic.ttf */,
				B3F8E6662BCA914E00EFB96B /* OpenSans-Light.ttf */,
				B3F8E66A2BCA914E00EFB96B /* OpenSans-LightItalic.ttf */,
				B3F8E6642BCA914E00EFB96B /* OpenSans-Medium.ttf */,
				B3F8E66E2BCA914E00EFB96B /* OpenSans-MediumItalic.ttf */,
				B3F8E66F2BCA914E00EFB96B /* OpenSans-Regular.ttf */,
				B3F8E6652BCA914E00EFB96B /* OpenSans-SemiBold.ttf */,
				B3F8E66D2BCA914E00EFB96B /* OpenSans-SemiBoldItalic.ttf */,
			);
			path = Fonts;
			sourceTree = "<group>";
		};
/* End PBXGroup section */

/* Begin PBXNativeTarget section */
		B347FEAB2BC6EFF600CCDF3A /* GetirBootcampFinalProject */ = {
			isa = PBXNativeTarget;
			buildConfigurationList = B347FED62BC6EFF700CCDF3A /* Build configuration list for PBXNativeTarget "GetirBootcampFinalProject" */;
			buildPhases = (
				B347FEA82BC6EFF600CCDF3A /* Sources */,
				B347FEA92BC6EFF600CCDF3A /* Frameworks */,
				B347FEAA2BC6EFF600CCDF3A /* Resources */,
			);
			buildRules = (
			);
			dependencies = (
			);
			name = GetirBootcampFinalProject;
			packageProductDependencies = (
				B3B48D0D2BC82BCF00A555A4 /* SnapKit */,
				B3B48D0F2BC82BD300A555A4 /* Kingfisher */,
				B3F8E5DC2BC9C4B000EFB96B /* SkeletonView */,
			);
			productName = GetirBootcampFinalProject;
			productReference = B347FEAC2BC6EFF600CCDF3A /* GetirBootcampFinalProject.app */;
			productType = "com.apple.product-type.application";
		};
		B347FEC12BC6EFF700CCDF3A /* GetirBootcampFinalProjectTests */ = {
			isa = PBXNativeTarget;
			buildConfigurationList = B347FED92BC6EFF700CCDF3A /* Build configuration list for PBXNativeTarget "GetirBootcampFinalProjectTests" */;
			buildPhases = (
				B347FEBE2BC6EFF700CCDF3A /* Sources */,
				B347FEBF2BC6EFF700CCDF3A /* Frameworks */,
				B347FEC02BC6EFF700CCDF3A /* Resources */,
			);
			buildRules = (
			);
			dependencies = (
				B347FEC42BC6EFF700CCDF3A /* PBXTargetDependency */,
			);
			name = GetirBootcampFinalProjectTests;
			productName = GetirBootcampFinalProjectTests;
			productReference = B347FEC22BC6EFF700CCDF3A /* GetirBootcampFinalProjectTests.xctest */;
			productType = "com.apple.product-type.bundle.unit-test";
		};
		B347FECB2BC6EFF700CCDF3A /* GetirBootcampFinalProjectUITests */ = {
			isa = PBXNativeTarget;
			buildConfigurationList = B347FEDC2BC6EFF700CCDF3A /* Build configuration list for PBXNativeTarget "GetirBootcampFinalProjectUITests" */;
			buildPhases = (
				B347FEC82BC6EFF700CCDF3A /* Sources */,
				B347FEC92BC6EFF700CCDF3A /* Frameworks */,
				B347FECA2BC6EFF700CCDF3A /* Resources */,
			);
			buildRules = (
			);
			dependencies = (
				B347FECE2BC6EFF700CCDF3A /* PBXTargetDependency */,
			);
			name = GetirBootcampFinalProjectUITests;
			productName = GetirBootcampFinalProjectUITests;
			productReference = B347FECC2BC6EFF700CCDF3A /* GetirBootcampFinalProjectUITests.xctest */;
			productType = "com.apple.product-type.bundle.ui-testing";
		};
/* End PBXNativeTarget section */

/* Begin PBXProject section */
		B347FEA42BC6EFF600CCDF3A /* Project object */ = {
			isa = PBXProject;
			attributes = {
				BuildIndependentTargetsInParallel = 1;
				LastSwiftUpdateCheck = 1530;
				LastUpgradeCheck = 1530;
				TargetAttributes = {
					B347FEAB2BC6EFF600CCDF3A = {
						CreatedOnToolsVersion = 15.3;
					};
					B347FEC12BC6EFF700CCDF3A = {
						CreatedOnToolsVersion = 15.3;
						TestTargetID = B347FEAB2BC6EFF600CCDF3A;
					};
					B347FECB2BC6EFF700CCDF3A = {
						CreatedOnToolsVersion = 15.3;
						TestTargetID = B347FEAB2BC6EFF600CCDF3A;
					};
				};
			};
			buildConfigurationList = B347FEA72BC6EFF600CCDF3A /* Build configuration list for PBXProject "GetirBootcampFinalProject" */;
			compatibilityVersion = "Xcode 14.0";
			developmentRegion = en;
			hasScannedForEncodings = 0;
			knownRegions = (
				en,
				Base,
			);
			mainGroup = B347FEA32BC6EFF600CCDF3A;
			packageReferences = (
				B3B48D0A2BC82B7F00A555A4 /* XCRemoteSwiftPackageReference "SnapKit" */,
				B3B48D0B2BC82B8900A555A4 /* XCRemoteSwiftPackageReference "Kingfisher" */,
				B3F8E5DB2BC9C4B000EFB96B /* XCRemoteSwiftPackageReference "SkeletonView" */,
			);
			productRefGroup = B347FEAD2BC6EFF600CCDF3A /* Products */;
			projectDirPath = "";
			projectRoot = "";
			targets = (
				B347FEAB2BC6EFF600CCDF3A /* GetirBootcampFinalProject */,
				B347FEC12BC6EFF700CCDF3A /* GetirBootcampFinalProjectTests */,
				B347FECB2BC6EFF700CCDF3A /* GetirBootcampFinalProjectUITests */,
			);
		};
/* End PBXProject section */

/* Begin PBXResourcesBuildPhase section */
		B347FEAA2BC6EFF600CCDF3A /* Resources */ = {
			isa = PBXResourcesBuildPhase;
			buildActionMask = 2147483647;
			files = (
				B3F8E6792BCA914E00EFB96B /* OpenSans-SemiBoldItalic.ttf in Resources */,
				B3F8E6712BCA914E00EFB96B /* OpenSans-SemiBold.ttf in Resources */,
				B3F8E6732BCA914E00EFB96B /* OpenSans-ExtraBoldItalic.ttf in Resources */,
				B3F8E6702BCA914E00EFB96B /* OpenSans-Medium.ttf in Resources */,
				B3F8E6782BCA914E00EFB96B /* OpenSans-BoldItalic.ttf in Resources */,
				B3F8E6752BCA914E00EFB96B /* OpenSans-ExtraBold.ttf in Resources */,
				B347FEB92BC6EFF700CCDF3A /* Assets.xcassets in Resources */,
				B3F8E6722BCA914E00EFB96B /* OpenSans-Light.ttf in Resources */,
				B3F8E67A2BCA914E00EFB96B /* OpenSans-MediumItalic.ttf in Resources */,
				B347FEBC2BC6EFF700CCDF3A /* Base in Resources */,
				B3F8E67B2BCA914E00EFB96B /* OpenSans-Regular.ttf in Resources */,
				B3F8E6742BCA914E00EFB96B /* OpenSans-Italic.ttf in Resources */,
				B3F8E6772BCA914E00EFB96B /* OpenSans-Bold.ttf in Resources */,
				B3F8E6762BCA914E00EFB96B /* OpenSans-LightItalic.ttf in Resources */,
			);
			runOnlyForDeploymentPostprocessing = 0;
		};
		B347FEC02BC6EFF700CCDF3A /* Resources */ = {
			isa = PBXResourcesBuildPhase;
			buildActionMask = 2147483647;
			files = (
			);
			runOnlyForDeploymentPostprocessing = 0;
		};
		B347FECA2BC6EFF700CCDF3A /* Resources */ = {
			isa = PBXResourcesBuildPhase;
			buildActionMask = 2147483647;
			files = (
			);
			runOnlyForDeploymentPostprocessing = 0;
		};
/* End PBXResourcesBuildPhase section */

/* Begin PBXSourcesBuildPhase section */
		B347FEA82BC6EFF600CCDF3A /* Sources */ = {
			isa = PBXSourcesBuildPhase;
			buildActionMask = 2147483647;
			files = (
				B3B48D032BC815F100A555A4 /* ProductsEntity.swift in Sources */,
				B3F8E5D82BC9791800EFB96B /* BasketView.swift in Sources */,
				B36079662BD0FF5C00267F51 /* AppText.swift in Sources */,
				B35BAE642BCAE268001713A0 /* ProductListCollectionViewCell.swift in Sources */,
				B3B48D072BC818BF00A555A4 /* ProductsListingInteractor.swift in Sources */,
				B3B48D012BC7E1C600A555A4 /* NetworkHelper.swift in Sources */,
				B3B48CFF2BC7E1B400A555A4 /* NetworkManager.swift in Sources */,
				B3B48CF52BC7BDBE00A555A4 /* AppColor.swift in Sources */,
				B3B084722BCF94D2000AD508 /* AppIcon.swift in Sources */,
				B35F76E62BCC5B7B009052A2 /* LayoutManger.swift in Sources */,
				B3B084742BCFD407000AD508 /* StepperView.swift in Sources */,
				B3B48D092BC820D800A555A4 /* ProductsListingPresenter.swift in Sources */,
				B347FEB42BC6EFF600CCDF3A /* ProductsListingViewController.swift in Sources */,
				B347FEB02BC6EFF600CCDF3A /* AppDelegate.swift in Sources */,
				B36079642BD0F6A100267F51 /* BasketAmountView.swift in Sources */,
				B3B48CFC2BC7D16100A555A4 /* AppSize.swift in Sources */,
				B3F8E5E02BC9C98700EFB96B /* Font+Extension.swift in Sources */,
				B347FEB22BC6EFF600CCDF3A /* SceneDelegate.swift in Sources */,
				B3B48D052BC816F400A555A4 /* ProductsRouter.swift in Sources */,
				B3C484CA2BCD7898001B4AD5 /* BasketDirectionEnum.swift in Sources */,
			);
			runOnlyForDeploymentPostprocessing = 0;
		};
		B347FEBE2BC6EFF700CCDF3A /* Sources */ = {
			isa = PBXSourcesBuildPhase;
			buildActionMask = 2147483647;
			files = (
				B347FEC72BC6EFF700CCDF3A /* GetirBootcampFinalProjectTests.swift in Sources */,
			);
			runOnlyForDeploymentPostprocessing = 0;
		};
		B347FEC82BC6EFF700CCDF3A /* Sources */ = {
			isa = PBXSourcesBuildPhase;
			buildActionMask = 2147483647;
			files = (
				B347FED32BC6EFF700CCDF3A /* GetirBootcampFinalProjectUITestsLaunchTests.swift in Sources */,
				B347FED12BC6EFF700CCDF3A /* GetirBootcampFinalProjectUITests.swift in Sources */,
			);
			runOnlyForDeploymentPostprocessing = 0;
		};
/* End PBXSourcesBuildPhase section */

/* Begin PBXTargetDependency section */
		B347FEC42BC6EFF700CCDF3A /* PBXTargetDependency */ = {
			isa = PBXTargetDependency;
			target = B347FEAB2BC6EFF600CCDF3A /* GetirBootcampFinalProject */;
			targetProxy = B347FEC32BC6EFF700CCDF3A /* PBXContainerItemProxy */;
		};
		B347FECE2BC6EFF700CCDF3A /* PBXTargetDependency */ = {
			isa = PBXTargetDependency;
			target = B347FEAB2BC6EFF600CCDF3A /* GetirBootcampFinalProject */;
			targetProxy = B347FECD2BC6EFF700CCDF3A /* PBXContainerItemProxy */;
		};
/* End PBXTargetDependency section */

/* Begin PBXVariantGroup section */
		B347FEBA2BC6EFF700CCDF3A /* LaunchScreen.storyboard */ = {
			isa = PBXVariantGroup;
			children = (
				B347FEBB2BC6EFF700CCDF3A /* Base */,
			);
			name = LaunchScreen.storyboard;
			sourceTree = "<group>";
		};
/* End PBXVariantGroup section */

/* Begin XCBuildConfiguration section */
		B347FED42BC6EFF700CCDF3A /* Debug */ = {
			isa = XCBuildConfiguration;
			buildSettings = {
				ALWAYS_SEARCH_USER_PATHS = NO;
				ASSETCATALOG_COMPILER_GENERATE_SWIFT_ASSET_SYMBOL_EXTENSIONS = YES;
				CLANG_ANALYZER_NONNULL = YES;
				CLANG_ANALYZER_NUMBER_OBJECT_CONVERSION = YES_AGGRESSIVE;
				CLANG_CXX_LANGUAGE_STANDARD = "gnu++20";
				CLANG_ENABLE_MODULES = YES;
				CLANG_ENABLE_OBJC_ARC = YES;
				CLANG_ENABLE_OBJC_WEAK = YES;
				CLANG_WARN_BLOCK_CAPTURE_AUTORELEASING = YES;
				CLANG_WARN_BOOL_CONVERSION = YES;
				CLANG_WARN_COMMA = YES;
				CLANG_WARN_CONSTANT_CONVERSION = YES;
				CLANG_WARN_DEPRECATED_OBJC_IMPLEMENTATIONS = YES;
				CLANG_WARN_DIRECT_OBJC_ISA_USAGE = YES_ERROR;
				CLANG_WARN_DOCUMENTATION_COMMENTS = YES;
				CLANG_WARN_EMPTY_BODY = YES;
				CLANG_WARN_ENUM_CONVERSION = YES;
				CLANG_WARN_INFINITE_RECURSION = YES;
				CLANG_WARN_INT_CONVERSION = YES;
				CLANG_WARN_NON_LITERAL_NULL_CONVERSION = YES;
				CLANG_WARN_OBJC_IMPLICIT_RETAIN_SELF = YES;
				CLANG_WARN_OBJC_LITERAL_CONVERSION = YES;
				CLANG_WARN_OBJC_ROOT_CLASS = YES_ERROR;
				CLANG_WARN_QUOTED_INCLUDE_IN_FRAMEWORK_HEADER = YES;
				CLANG_WARN_RANGE_LOOP_ANALYSIS = YES;
				CLANG_WARN_STRICT_PROTOTYPES = YES;
				CLANG_WARN_SUSPICIOUS_MOVE = YES;
				CLANG_WARN_UNGUARDED_AVAILABILITY = YES_AGGRESSIVE;
				CLANG_WARN_UNREACHABLE_CODE = YES;
				CLANG_WARN__DUPLICATE_METHOD_MATCH = YES;
				COPY_PHASE_STRIP = NO;
				DEBUG_INFORMATION_FORMAT = dwarf;
				ENABLE_STRICT_OBJC_MSGSEND = YES;
				ENABLE_TESTABILITY = YES;
				ENABLE_USER_SCRIPT_SANDBOXING = YES;
				GCC_C_LANGUAGE_STANDARD = gnu17;
				GCC_DYNAMIC_NO_PIC = NO;
				GCC_NO_COMMON_BLOCKS = YES;
				GCC_OPTIMIZATION_LEVEL = 0;
				GCC_PREPROCESSOR_DEFINITIONS = (
					"DEBUG=1",
					"$(inherited)",
				);
				GCC_WARN_64_TO_32_BIT_CONVERSION = YES;
				GCC_WARN_ABOUT_RETURN_TYPE = YES_ERROR;
				GCC_WARN_UNDECLARED_SELECTOR = YES;
				GCC_WARN_UNINITIALIZED_AUTOS = YES_AGGRESSIVE;
				GCC_WARN_UNUSED_FUNCTION = YES;
				GCC_WARN_UNUSED_VARIABLE = YES;
				IPHONEOS_DEPLOYMENT_TARGET = 17.4;
				LOCALIZATION_PREFERS_STRING_CATALOGS = YES;
				MTL_ENABLE_DEBUG_INFO = INCLUDE_SOURCE;
				MTL_FAST_MATH = YES;
				ONLY_ACTIVE_ARCH = YES;
				SDKROOT = iphoneos;
				SWIFT_ACTIVE_COMPILATION_CONDITIONS = "DEBUG $(inherited)";
				SWIFT_OPTIMIZATION_LEVEL = "-Onone";
			};
			name = Debug;
		};
		B347FED52BC6EFF700CCDF3A /* Release */ = {
			isa = XCBuildConfiguration;
			buildSettings = {
				ALWAYS_SEARCH_USER_PATHS = NO;
				ASSETCATALOG_COMPILER_GENERATE_SWIFT_ASSET_SYMBOL_EXTENSIONS = YES;
				CLANG_ANALYZER_NONNULL = YES;
				CLANG_ANALYZER_NUMBER_OBJECT_CONVERSION = YES_AGGRESSIVE;
				CLANG_CXX_LANGUAGE_STANDARD = "gnu++20";
				CLANG_ENABLE_MODULES = YES;
				CLANG_ENABLE_OBJC_ARC = YES;
				CLANG_ENABLE_OBJC_WEAK = YES;
				CLANG_WARN_BLOCK_CAPTURE_AUTORELEASING = YES;
				CLANG_WARN_BOOL_CONVERSION = YES;
				CLANG_WARN_COMMA = YES;
				CLANG_WARN_CONSTANT_CONVERSION = YES;
				CLANG_WARN_DEPRECATED_OBJC_IMPLEMENTATIONS = YES;
				CLANG_WARN_DIRECT_OBJC_ISA_USAGE = YES_ERROR;
				CLANG_WARN_DOCUMENTATION_COMMENTS = YES;
				CLANG_WARN_EMPTY_BODY = YES;
				CLANG_WARN_ENUM_CONVERSION = YES;
				CLANG_WARN_INFINITE_RECURSION = YES;
				CLANG_WARN_INT_CONVERSION = YES;
				CLANG_WARN_NON_LITERAL_NULL_CONVERSION = YES;
				CLANG_WARN_OBJC_IMPLICIT_RETAIN_SELF = YES;
				CLANG_WARN_OBJC_LITERAL_CONVERSION = YES;
				CLANG_WARN_OBJC_ROOT_CLASS = YES_ERROR;
				CLANG_WARN_QUOTED_INCLUDE_IN_FRAMEWORK_HEADER = YES;
				CLANG_WARN_RANGE_LOOP_ANALYSIS = YES;
				CLANG_WARN_STRICT_PROTOTYPES = YES;
				CLANG_WARN_SUSPICIOUS_MOVE = YES;
				CLANG_WARN_UNGUARDED_AVAILABILITY = YES_AGGRESSIVE;
				CLANG_WARN_UNREACHABLE_CODE = YES;
				CLANG_WARN__DUPLICATE_METHOD_MATCH = YES;
				COPY_PHASE_STRIP = NO;
				DEBUG_INFORMATION_FORMAT = "dwarf-with-dsym";
				ENABLE_NS_ASSERTIONS = NO;
				ENABLE_STRICT_OBJC_MSGSEND = YES;
				ENABLE_USER_SCRIPT_SANDBOXING = YES;
				GCC_C_LANGUAGE_STANDARD = gnu17;
				GCC_NO_COMMON_BLOCKS = YES;
				GCC_WARN_64_TO_32_BIT_CONVERSION = YES;
				GCC_WARN_ABOUT_RETURN_TYPE = YES_ERROR;
				GCC_WARN_UNDECLARED_SELECTOR = YES;
				GCC_WARN_UNINITIALIZED_AUTOS = YES_AGGRESSIVE;
				GCC_WARN_UNUSED_FUNCTION = YES;
				GCC_WARN_UNUSED_VARIABLE = YES;
				IPHONEOS_DEPLOYMENT_TARGET = 17.4;
				LOCALIZATION_PREFERS_STRING_CATALOGS = YES;
				MTL_ENABLE_DEBUG_INFO = NO;
				MTL_FAST_MATH = YES;
				SDKROOT = iphoneos;
				SWIFT_COMPILATION_MODE = wholemodule;
				VALIDATE_PRODUCT = YES;
			};
			name = Release;
		};
		B347FED72BC6EFF700CCDF3A /* Debug */ = {
			isa = XCBuildConfiguration;
			buildSettings = {
				ASSETCATALOG_COMPILER_APPICON_NAME = AppIcon;
				ASSETCATALOG_COMPILER_GLOBAL_ACCENT_COLOR_NAME = AccentColor;
				CODE_SIGN_STYLE = Automatic;
				CURRENT_PROJECT_VERSION = 1;
				DEVELOPMENT_TEAM = A5LL97Q38Z;
				GENERATE_INFOPLIST_FILE = YES;
				INFOPLIST_FILE = GetirBootcampFinalProject/Info.plist;
				INFOPLIST_KEY_UIApplicationSupportsIndirectInputEvents = YES;
				INFOPLIST_KEY_UILaunchStoryboardName = LaunchScreen;
				INFOPLIST_KEY_UISupportedInterfaceOrientations = UIInterfaceOrientationPortrait;
				INFOPLIST_KEY_UISupportedInterfaceOrientations_iPad = "UIInterfaceOrientationLandscapeLeft UIInterfaceOrientationLandscapeRight UIInterfaceOrientationPortrait UIInterfaceOrientationPortraitUpsideDown";
				IPHONEOS_DEPLOYMENT_TARGET = 13.0;
				LD_RUNPATH_SEARCH_PATHS = (
					"$(inherited)",
					"@executable_path/Frameworks",
				);
				MARKETING_VERSION = 1.0;
				PRODUCT_BUNDLE_IDENTIFIER = selmanadanir.com.GetirBootcampFinalProject;
				PRODUCT_NAME = "$(TARGET_NAME)";
				SUPPORTED_PLATFORMS = "iphoneos iphonesimulator";
				SUPPORTS_MACCATALYST = NO;
				SUPPORTS_MAC_DESIGNED_FOR_IPHONE_IPAD = NO;
				SUPPORTS_XR_DESIGNED_FOR_IPHONE_IPAD = NO;
				SWIFT_EMIT_LOC_STRINGS = YES;
				SWIFT_VERSION = 5.0;
				TARGETED_DEVICE_FAMILY = 1;
			};
			name = Debug;
		};
		B347FED82BC6EFF700CCDF3A /* Release */ = {
			isa = XCBuildConfiguration;
			buildSettings = {
				ASSETCATALOG_COMPILER_APPICON_NAME = AppIcon;
				ASSETCATALOG_COMPILER_GLOBAL_ACCENT_COLOR_NAME = AccentColor;
				CODE_SIGN_STYLE = Automatic;
				CURRENT_PROJECT_VERSION = 1;
				DEVELOPMENT_TEAM = A5LL97Q38Z;
				GENERATE_INFOPLIST_FILE = YES;
				INFOPLIST_FILE = GetirBootcampFinalProject/Info.plist;
				INFOPLIST_KEY_UIApplicationSupportsIndirectInputEvents = YES;
				INFOPLIST_KEY_UILaunchStoryboardName = LaunchScreen;
				INFOPLIST_KEY_UISupportedInterfaceOrientations = UIInterfaceOrientationPortrait;
				INFOPLIST_KEY_UISupportedInterfaceOrientations_iPad = "UIInterfaceOrientationLandscapeLeft UIInterfaceOrientationLandscapeRight UIInterfaceOrientationPortrait UIInterfaceOrientationPortraitUpsideDown";
				IPHONEOS_DEPLOYMENT_TARGET = 13.0;
				LD_RUNPATH_SEARCH_PATHS = (
					"$(inherited)",
					"@executable_path/Frameworks",
				);
				MARKETING_VERSION = 1.0;
				PRODUCT_BUNDLE_IDENTIFIER = selmanadanir.com.GetirBootcampFinalProject;
				PRODUCT_NAME = "$(TARGET_NAME)";
				SUPPORTED_PLATFORMS = "iphoneos iphonesimulator";
				SUPPORTS_MACCATALYST = NO;
				SUPPORTS_MAC_DESIGNED_FOR_IPHONE_IPAD = NO;
				SUPPORTS_XR_DESIGNED_FOR_IPHONE_IPAD = NO;
				SWIFT_EMIT_LOC_STRINGS = YES;
				SWIFT_VERSION = 5.0;
				TARGETED_DEVICE_FAMILY = 1;
			};
			name = Release;
		};
		B347FEDA2BC6EFF700CCDF3A /* Debug */ = {
			isa = XCBuildConfiguration;
			buildSettings = {
				ALWAYS_EMBED_SWIFT_STANDARD_LIBRARIES = YES;
				BUNDLE_LOADER = "$(TEST_HOST)";
				CODE_SIGN_STYLE = Automatic;
				CURRENT_PROJECT_VERSION = 1;
				DEVELOPMENT_TEAM = A5LL97Q38Z;
				GENERATE_INFOPLIST_FILE = YES;
				IPHONEOS_DEPLOYMENT_TARGET = 17.4;
				MARKETING_VERSION = 1.0;
				PRODUCT_BUNDLE_IDENTIFIER = selmanadanir.com.GetirBootcampFinalProjectTests;
				PRODUCT_NAME = "$(TARGET_NAME)";
				SWIFT_EMIT_LOC_STRINGS = NO;
				SWIFT_VERSION = 5.0;
				TARGETED_DEVICE_FAMILY = "1,2";
				TEST_HOST = "$(BUILT_PRODUCTS_DIR)/GetirBootcampFinalProject.app/$(BUNDLE_EXECUTABLE_FOLDER_PATH)/GetirBootcampFinalProject";
			};
			name = Debug;
		};
		B347FEDB2BC6EFF700CCDF3A /* Release */ = {
			isa = XCBuildConfiguration;
			buildSettings = {
				ALWAYS_EMBED_SWIFT_STANDARD_LIBRARIES = YES;
				BUNDLE_LOADER = "$(TEST_HOST)";
				CODE_SIGN_STYLE = Automatic;
				CURRENT_PROJECT_VERSION = 1;
				DEVELOPMENT_TEAM = A5LL97Q38Z;
				GENERATE_INFOPLIST_FILE = YES;
				IPHONEOS_DEPLOYMENT_TARGET = 17.4;
				MARKETING_VERSION = 1.0;
				PRODUCT_BUNDLE_IDENTIFIER = selmanadanir.com.GetirBootcampFinalProjectTests;
				PRODUCT_NAME = "$(TARGET_NAME)";
				SWIFT_EMIT_LOC_STRINGS = NO;
				SWIFT_VERSION = 5.0;
				TARGETED_DEVICE_FAMILY = "1,2";
				TEST_HOST = "$(BUILT_PRODUCTS_DIR)/GetirBootcampFinalProject.app/$(BUNDLE_EXECUTABLE_FOLDER_PATH)/GetirBootcampFinalProject";
			};
			name = Release;
		};
		B347FEDD2BC6EFF700CCDF3A /* Debug */ = {
			isa = XCBuildConfiguration;
			buildSettings = {
				ALWAYS_EMBED_SWIFT_STANDARD_LIBRARIES = YES;
				CODE_SIGN_STYLE = Automatic;
				CURRENT_PROJECT_VERSION = 1;
				DEVELOPMENT_TEAM = A5LL97Q38Z;
				GENERATE_INFOPLIST_FILE = YES;
				MARKETING_VERSION = 1.0;
				PRODUCT_BUNDLE_IDENTIFIER = selmanadanir.com.GetirBootcampFinalProjectUITests;
				PRODUCT_NAME = "$(TARGET_NAME)";
				SWIFT_EMIT_LOC_STRINGS = NO;
				SWIFT_VERSION = 5.0;
				TARGETED_DEVICE_FAMILY = "1,2";
				TEST_TARGET_NAME = GetirBootcampFinalProject;
			};
			name = Debug;
		};
		B347FEDE2BC6EFF700CCDF3A /* Release */ = {
			isa = XCBuildConfiguration;
			buildSettings = {
				ALWAYS_EMBED_SWIFT_STANDARD_LIBRARIES = YES;
				CODE_SIGN_STYLE = Automatic;
				CURRENT_PROJECT_VERSION = 1;
				DEVELOPMENT_TEAM = A5LL97Q38Z;
				GENERATE_INFOPLIST_FILE = YES;
				MARKETING_VERSION = 1.0;
				PRODUCT_BUNDLE_IDENTIFIER = selmanadanir.com.GetirBootcampFinalProjectUITests;
				PRODUCT_NAME = "$(TARGET_NAME)";
				SWIFT_EMIT_LOC_STRINGS = NO;
				SWIFT_VERSION = 5.0;
				TARGETED_DEVICE_FAMILY = "1,2";
				TEST_TARGET_NAME = GetirBootcampFinalProject;
			};
			name = Release;
		};
/* End XCBuildConfiguration section */

/* Begin XCConfigurationList section */
		B347FEA72BC6EFF600CCDF3A /* Build configuration list for PBXProject "GetirBootcampFinalProject" */ = {
			isa = XCConfigurationList;
			buildConfigurations = (
				B347FED42BC6EFF700CCDF3A /* Debug */,
				B347FED52BC6EFF700CCDF3A /* Release */,
			);
			defaultConfigurationIsVisible = 0;
			defaultConfigurationName = Release;
		};
		B347FED62BC6EFF700CCDF3A /* Build configuration list for PBXNativeTarget "GetirBootcampFinalProject" */ = {
			isa = XCConfigurationList;
			buildConfigurations = (
				B347FED72BC6EFF700CCDF3A /* Debug */,
				B347FED82BC6EFF700CCDF3A /* Release */,
			);
			defaultConfigurationIsVisible = 0;
			defaultConfigurationName = Release;
		};
		B347FED92BC6EFF700CCDF3A /* Build configuration list for PBXNativeTarget "GetirBootcampFinalProjectTests" */ = {
			isa = XCConfigurationList;
			buildConfigurations = (
				B347FEDA2BC6EFF700CCDF3A /* Debug */,
				B347FEDB2BC6EFF700CCDF3A /* Release */,
			);
			defaultConfigurationIsVisible = 0;
			defaultConfigurationName = Release;
		};
		B347FEDC2BC6EFF700CCDF3A /* Build configuration list for PBXNativeTarget "GetirBootcampFinalProjectUITests" */ = {
			isa = XCConfigurationList;
			buildConfigurations = (
				B347FEDD2BC6EFF700CCDF3A /* Debug */,
				B347FEDE2BC6EFF700CCDF3A /* Release */,
			);
			defaultConfigurationIsVisible = 0;
			defaultConfigurationName = Release;
		};
/* End XCConfigurationList section */

/* Begin XCRemoteSwiftPackageReference section */
		B3B48D0A2BC82B7F00A555A4 /* XCRemoteSwiftPackageReference "SnapKit" */ = {
			isa = XCRemoteSwiftPackageReference;
			repositoryURL = "https://github.com/SnapKit/SnapKit.git";
			requirement = {
				kind = upToNextMajorVersion;
				minimumVersion = 5.7.1;
			};
		};
		B3B48D0B2BC82B8900A555A4 /* XCRemoteSwiftPackageReference "Kingfisher" */ = {
			isa = XCRemoteSwiftPackageReference;
			repositoryURL = "https://github.com/onevcat/Kingfisher.git";
			requirement = {
				kind = upToNextMajorVersion;
				minimumVersion = 7.11.0;
			};
		};
		B3F8E5DB2BC9C4B000EFB96B /* XCRemoteSwiftPackageReference "SkeletonView" */ = {
			isa = XCRemoteSwiftPackageReference;
			repositoryURL = "https://github.com/Juanpe/SkeletonView.git";
			requirement = {
				kind = upToNextMajorVersion;
				minimumVersion = 1.30.4;
			};
		};
/* End XCRemoteSwiftPackageReference section */

/* Begin XCSwiftPackageProductDependency section */
		B3B48D0D2BC82BCF00A555A4 /* SnapKit */ = {
			isa = XCSwiftPackageProductDependency;
			package = B3B48D0A2BC82B7F00A555A4 /* XCRemoteSwiftPackageReference "SnapKit" */;
			productName = SnapKit;
		};
		B3B48D0F2BC82BD300A555A4 /* Kingfisher */ = {
			isa = XCSwiftPackageProductDependency;
			package = B3B48D0B2BC82B8900A555A4 /* XCRemoteSwiftPackageReference "Kingfisher" */;
			productName = Kingfisher;
		};
		B3F8E5DC2BC9C4B000EFB96B /* SkeletonView */ = {
			isa = XCSwiftPackageProductDependency;
			package = B3F8E5DB2BC9C4B000EFB96B /* XCRemoteSwiftPackageReference "SkeletonView" */;
			productName = SkeletonView;
		};
/* End XCSwiftPackageProductDependency section */
	};
	rootObject = B347FEA42BC6EFF600CCDF3A /* Project object */;
}
